
Microsoft Visual Studio Solution File, Format Version 12.00
Project("{FAE04EC0-301F-11D3-BF4B-00C04F79EFBC}") = "HtsSpot.Core", "src\HtsSpot.Core\HtsSpot.Core.csproj", "{AE49CC3F-7C32-4FF1-8E4E-04C583B6BCBF}"
EndProject
Project("{FAE04EC0-301F-11D3-BF4B-00C04F79EFBC}") = "HtsSpot.Core.Tests", "test\HtsSpot.Core.Tests\HtsSpot.Core.Tests.csproj", "{FEFCF4C3-64B4-4543-95CD-E527D7FA9379}"
EndProject
Project("{FAE04EC0-301F-11D3-BF4B-00C04F79EFBC}") = "HtsSpot.Infrastructure", "src\HtsSpot.Infrastructure\HtsSpot.Infrastructure.csproj", "{88B175CA-4867-462C-B106-1E91D40D5946}"
EndProject
Project("{FAE04EC0-301F-11D3-BF4B-00C04F79EFBC}") = "HtsSpot.Infrastructure.Tests", "test\HtsSpot.Infrastructure.Tests\HtsSpot.Infrastructure.Tests.csproj", "{A0934559-879C-4CA2-84F0-1962303237D5}"
EndProject
Project("{2150E333-8FDC-42A3-9474-1A3956D46DE8}") = "Core", "Core", "{B5C2CCA5-3803-419C-80FB-5196EF3C3017}"
EndProject
Project("{2150E333-8FDC-42A3-9474-1A3956D46DE8}") = "Infrastructure", "Infrastructure", "{6CA62EA4-63FA-4AD1-BE51-AF25CBD09784}"
EndProject
Project("{2150E333-8FDC-42A3-9474-1A3956D46DE8}") = "App", "App", "{A3C524F4-877E-43E3-9C53-D5490AB995F5}"
EndProject
Project("{FAE04EC0-301F-11D3-BF4B-00C04F79EFBC}") = "HtsSpot", "src\HtsSpot\HtsSpot.csproj", "{37371BEC-479A-48AA-AEBF-0A577E32BA79}"
EndProject
Global
	GlobalSection(SolutionConfigurationPlatforms) = preSolution
		Debug|Any CPU = Debug|Any CPU
		Release|Any CPU = Release|Any CPU
	EndGlobalSection
	GlobalSection(ProjectConfigurationPlatforms) = postSolution
		{AE49CC3F-7C32-4FF1-8E4E-04C583B6BCBF}.Debug|Any CPU.ActiveCfg = Debug|Any CPU
		{AE49CC3F-7C32-4FF1-8E4E-04C583B6BCBF}.Debug|Any CPU.Build.0 = Debug|Any CPU
		{AE49CC3F-7C32-4FF1-8E4E-04C583B6BCBF}.Release|Any CPU.ActiveCfg = Release|Any CPU
		{AE49CC3F-7C32-4FF1-8E4E-04C583B6BCBF}.Release|Any CPU.Build.0 = Release|Any CPU
		{FEFCF4C3-64B4-4543-95CD-E527D7FA9379}.Debug|Any CPU.ActiveCfg = Debug|Any CPU
		{FEFCF4C3-64B4-4543-95CD-E527D7FA9379}.Debug|Any CPU.Build.0 = Debug|Any CPU
		{FEFCF4C3-64B4-4543-95CD-E527D7FA9379}.Release|Any CPU.ActiveCfg = Release|Any CPU
		{FEFCF4C3-64B4-4543-95CD-E527D7FA9379}.Release|Any CPU.Build.0 = Release|Any CPU
		{88B175CA-4867-462C-B106-1E91D40D5946}.Debug|Any CPU.ActiveCfg = Debug|Any CPU
		{88B175CA-4867-462C-B106-1E91D40D5946}.Debug|Any CPU.Build.0 = Debug|Any CPU
		{88B175CA-4867-462C-B106-1E91D40D5946}.Release|Any CPU.ActiveCfg = Release|Any CPU
		{88B175CA-4867-462C-B106-1E91D40D5946}.Release|Any CPU.Build.0 = Release|Any CPU
		{A0934559-879C-4CA2-84F0-1962303237D5}.Debug|Any CPU.ActiveCfg = Debug|Any CPU
		{A0934559-879C-4CA2-84F0-1962303237D5}.Debug|Any CPU.Build.0 = Debug|Any CPU
		{A0934559-879C-4CA2-84F0-1962303237D5}.Release|Any CPU.ActiveCfg = Release|Any CPU
		{A0934559-879C-4CA2-84F0-1962303237D5}.Release|Any CPU.Build.0 = Release|Any CPU
		{37371BEC-479A-48AA-AEBF-0A577E32BA79}.Debug|Any CPU.ActiveCfg = Debug|Any CPU
		{37371BEC-479A-48AA-AEBF-0A577E32BA79}.Debug|Any CPU.Build.0 = Debug|Any CPU
		{37371BEC-479A-48AA-AEBF-0A577E32BA79}.Release|Any CPU.ActiveCfg = Release|Any CPU
		{37371BEC-479A-48AA-AEBF-0A577E32BA79}.Release|Any CPU.Build.0 = Release|Any CPU
	EndGlobalSection
	GlobalSection(NestedProjects) = preSolution
		{AE49CC3F-7C32-4FF1-8E4E-04C583B6BCBF} = {B5C2CCA5-3803-419C-80FB-5196EF3C3017}
		{FEFCF4C3-64B4-4543-95CD-E527D7FA9379} = {B5C2CCA5-3803-419C-80FB-5196EF3C3017}
		{88B175CA-4867-462C-B106-1E91D40D5946} = {6CA62EA4-63FA-4AD1-BE51-AF25CBD09784}
		{A0934559-879C-4CA2-84F0-1962303237D5} = {6CA62EA4-63FA-4AD1-BE51-AF25CBD09784}
		{37371BEC-479A-48AA-AEBF-0A577E32BA79} = {A3C524F4-877E-43E3-9C53-D5490AB995F5}
	EndGlobalSection
EndGlobal
